# This file was autogenerated by Stack.
# You should not edit this file by hand.
# For more information, please see the documentation at:
#   https://docs.haskellstack.org/en/stable/lock_files

snapshots:
- original:
    url: https://raw.githubusercontent.com/commercialhaskell/stackage-snapshots/master/lts/18/13.yaml
  completed:
    url: https://raw.githubusercontent.com/commercialhaskell/stackage-snapshots/master/lts/18/13.yaml
    sha256: d9e658a22cfe8d87a64fdf219885f942fef5fe2bcb156a9800174911c5da2443
    size: 586268
packages:
- original:
    hackage: jord-2.0.0.0@sha256:cac9c6c8135ad1335ac2ce185c4114d2c9bcfab225f158b18082134056dfb14f,3579
  completed:
    pantry-tree:
      sha256: b5ab9c31e3dba2e2296156359077e928c79b3163947861220dfbd6334f597c49
      size: 3869
    hackage: jord-2.0.0.0@sha256:cac9c6c8135ad1335ac2ce185c4114d2c9bcfab225f158b18082134056dfb14f,3579
